
Microsoft Visual Studio Solution File, Format Version 11.00
# Visual Studio 2010
Project("{FAE04EC0-301F-11D3-BF4B-00C04F79EFBC}") = "MangaKitsune", "MangaKitsune.csproj", "{F964C8F8-63A5-43BA-AF0F-E967F7AFD734}"
EndProject
Global
	GlobalSection(SolutionConfigurationPlatforms) = preSolution
		Debug|Any CPU = Debug|Any CPU
		Release|Any CPU = Release|Any CPU
	EndGlobalSection
	GlobalSection(ProjectConfigurationPlatforms) = postSolution
		{F964C8F8-63A5-43BA-AF0F-E967F7AFD734}.Debug|Any CPU.ActiveCfg = Debug|Any CPU
		{F964C8F8-63A5-43BA-AF0F-E967F7AFD734}.Debug|Any CPU.Build.0 = Debug|Any CPU
		{F964C8F8-63A5-43BA-AF0F-E967F7AFD734}.Release|Any CPU.ActiveCfg = Release|Any CPU
		{F964C8F8-63A5-43BA-AF0F-E967F7AFD734}.Release|Any CPU.Build.0 = Release|Any CPU
	EndGlobalSection
	GlobalSection(SolutionProperties) = preSolution
		HideSolutionNode = FALSE
	EndGlobalSection
EndGlobal
